
Microsoft Visual Studio Solution File, Format Version 12.00
# Visual Studio 15
Project("{FAE04EC0-301F-11D3-BF4B-00C04F79EFBC}") = "Oculus.Interaction.Editor", "Oculus.Interaction.Editor.csproj", "{20A98AE4-A7B9-9F30-0ED6-5971EA993B02}"
EndProject
Project("{FAE04EC0-301F-11D3-BF4B-00C04F79EFBC}") = "Meta.WitAi.Conduit", "Meta.WitAi.Conduit.csproj", "{8C277476-0960-61CE-B304-F47DFB317BA3}"
EndProject
Project("{FAE04EC0-301F-11D3-BF4B-00C04F79EFBC}") = "Oculus.VR", "Oculus.VR.csproj", "{387426D2-AE44-89D5-5FAC-47B5E4426BF0}"
EndProject
Project("{FAE04EC0-301F-11D3-BF4B-00C04F79EFBC}") = "Oculus.Interaction", "Oculus.Interaction.csproj", "{7AC888E4-DDE9-595B-E87A-C67A650A999D}"
EndProject
Project("{FAE04EC0-301F-11D3-BF4B-00C04F79EFBC}") = "Meta.Voice.Samples.ShapesConduit", "Meta.Voice.Samples.ShapesConduit.csproj", "{237FEB2D-47F9-73D9-343C-7BA59E28E216}"
EndProject
Project("{FAE04EC0-301F-11D3-BF4B-00C04F79EFBC}") = "Meta.WitAi.Editor", "Meta.WitAi.Editor.csproj", "{0572B01E-240D-01A1-72C8-8E11342FD437}"
EndProject
Project("{FAE04EC0-301F-11D3-BF4B-00C04F79EFBC}") = "Oculus.Platform", "Oculus.Platform.csproj", "{AD04B33D-BF57-0214-F74E-A020A9216508}"
EndProject
Project("{FAE04EC0-301F-11D3-BF4B-00C04F79EFBC}") = "VoiceSDK.Telemetry", "VoiceSDK.Telemetry.csproj", "{522C47AC-8530-F00F-8A2F-279708C5B9CE}"
EndProject
Project("{FAE04EC0-301F-11D3-BF4B-00C04F79EFBC}") = "Meta.WitAi.Conduit.Editor", "Meta.WitAi.Conduit.Editor.csproj", "{35E0B305-5EDB-F235-0EB4-E532CDF7B111}"
EndProject
Project("{FAE04EC0-301F-11D3-BF4B-00C04F79EFBC}") = "Meta.WitAi", "Meta.WitAi.csproj", "{A03D03FA-5024-146B-73D3-35C41F725A5F}"
EndProject
Project("{FAE04EC0-301F-11D3-BF4B-00C04F79EFBC}") = "Oculus.Interaction.OVR.Samples", "Oculus.Interaction.OVR.Samples.csproj", "{BD137A87-A9D8-1CDB-086E-54759D2BEBEF}"
EndProject
Project("{FAE04EC0-301F-11D3-BF4B-00C04F79EFBC}") = "Assembly-CSharp", "Assembly-CSharp.csproj", "{E5D00DBD-8C5F-B3C8-8931-702FC5D42141}"
EndProject
Project("{FAE04EC0-301F-11D3-BF4B-00C04F79EFBC}") = "Meta.WitAi.Lib", "Meta.WitAi.Lib.csproj", "{6A51B575-9297-E21F-A173-121AD1B2E3BD}"
EndProject
Project("{FAE04EC0-301F-11D3-BF4B-00C04F79EFBC}") = "Oculus.VR.Editor", "Oculus.VR.Editor.csproj", "{732B1C11-1272-8902-46FB-09899E9C33DE}"
EndProject
Project("{FAE04EC0-301F-11D3-BF4B-00C04F79EFBC}") = "Meta.Voice.Hub.Runtime", "Meta.Voice.Hub.Runtime.csproj", "{8510DC20-7C30-758F-0EF1-5866E5EE3407}"
EndProject
Project("{FAE04EC0-301F-11D3-BF4B-00C04F79EFBC}") = "Oculus.Interaction.OVR.Editor", "Oculus.Interaction.OVR.Editor.csproj", "{64DF8D5C-D129-503D-4C3B-560DB6EFE6DF}"
EndProject
Project("{FAE04EC0-301F-11D3-BF4B-00C04F79EFBC}") = "VoiceSDK.Dictation.Runtime", "VoiceSDK.Dictation.Runtime.csproj", "{4EE0FE8F-B981-BB9A-D8A6-8AC608ED3EBE}"
EndProject
Project("{FAE04EC0-301F-11D3-BF4B-00C04F79EFBC}") = "Oculus.LipSync", "Oculus.LipSync.csproj", "{FB006EB3-9576-3081-7D3C-236A60811AAE}"
EndProject
Project("{FAE04EC0-301F-11D3-BF4B-00C04F79EFBC}") = "Oculus.Interaction.OVR", "Oculus.Interaction.OVR.csproj", "{48317B41-19B0-7C8F-942E-BD196CEE6783}"
EndProject
Project("{FAE04EC0-301F-11D3-BF4B-00C04F79EFBC}") = "Meta.Voice.Hub.Editor", "Meta.Voice.Hub.Editor.csproj", "{F87B2D56-B537-270B-769B-CDD1B65753C0}"
EndProject
Project("{FAE04EC0-301F-11D3-BF4B-00C04F79EFBC}") = "VoiceSDK.Editor", "VoiceSDK.Editor.csproj", "{5186EBDA-F20D-E828-7753-A38F05E7F3A2}"
EndProject
Project("{FAE04EC0-301F-11D3-BF4B-00C04F79EFBC}") = "Meta.WitAI.Lib.Editor", "Meta.WitAI.Lib.Editor.csproj", "{D689C1F1-3B3D-82C6-D325-9ECD0B3FAFC8}"
EndProject
Project("{FAE04EC0-301F-11D3-BF4B-00C04F79EFBC}") = "Oculus.Spatializer.Editor", "Oculus.Spatializer.Editor.csproj", "{CB4BA565-C1BD-C50D-0BD1-62EBA9521FA7}"
EndProject
Project("{FAE04EC0-301F-11D3-BF4B-00C04F79EFBC}") = "AssistantCoreSDKRuntime", "AssistantCoreSDKRuntime.csproj", "{4F97ECB9-ED46-9103-0C17-DCA91E0773B7}"
EndProject
Project("{FAE04EC0-301F-11D3-BF4B-00C04F79EFBC}") = "Oculus.AudioManager", "Oculus.AudioManager.csproj", "{C49BD2B1-FDC2-8495-2071-9E319A9071A4}"
EndProject
Project("{FAE04EC0-301F-11D3-BF4B-00C04F79EFBC}") = "VoiceSDK.Runtime", "VoiceSDK.Runtime.csproj", "{C803882E-2D6D-A5C1-77CD-DD62A7A0A792}"
EndProject
Project("{FAE04EC0-301F-11D3-BF4B-00C04F79EFBC}") = "Facebook.Wit.Dictation", "Facebook.Wit.Dictation.csproj", "{1E0A40B3-2C18-376C-D09C-8850BFD57C26}"
EndProject
Project("{FAE04EC0-301F-11D3-BF4B-00C04F79EFBC}") = "Meta.Voice.Samples.BuiltInTimer", "Meta.Voice.Samples.BuiltInTimer.csproj", "{A86D4107-E1E6-0D39-3D13-8FC7BCA855E8}"
EndProject
Project("{FAE04EC0-301F-11D3-BF4B-00C04F79EFBC}") = "Oculus.Platform.Editor", "Oculus.Platform.Editor.csproj", "{0E39654F-4B72-56BF-9BB2-FD2256474394}"
EndProject
Project("{FAE04EC0-301F-11D3-BF4B-00C04F79EFBC}") = "Meta.XR.BuildingBlocks.Editor", "Meta.XR.BuildingBlocks.Editor.csproj", "{3A17E62F-C041-4AF1-3E31-F85610DE5362}"
EndProject
Project("{FAE04EC0-301F-11D3-BF4B-00C04F79EFBC}") = "Meta.Voice.Samples.TTSVoices", "Meta.Voice.Samples.TTSVoices.csproj", "{2A2A7031-40B8-1D56-11DC-5A56905E59EB}"
EndProject
Project("{FAE04EC0-301F-11D3-BF4B-00C04F79EFBC}") = "Meta.Voice.VSDKHub.Editor", "Meta.Voice.VSDKHub.Editor.csproj", "{2FF5D21C-2B93-D2DB-5463-F6F7CE672AFA}"
EndProject
Project("{FAE04EC0-301F-11D3-BF4B-00C04F79EFBC}") = "Meta.WitAi.TTS", "Meta.WitAi.TTS.csproj", "{278DE956-AAE9-3449-45A4-D49FEA6A2ABD}"
EndProject
Project("{FAE04EC0-301F-11D3-BF4B-00C04F79EFBC}") = "Oculus.AudioManager.Audio.Editor", "Oculus.AudioManager.Audio.Editor.csproj", "{F0FBF65D-346A-4B66-9D23-96ED40EA72CE}"
EndProject
Project("{FAE04EC0-301F-11D3-BF4B-00C04F79EFBC}") = "Assembly-CSharp-Editor", "Assembly-CSharp-Editor.csproj", "{22D1708B-C481-E235-0A45-B8AC676FA9FE}"
EndProject
Project("{FAE04EC0-301F-11D3-BF4B-00C04F79EFBC}") = "Meta.Voice.Samples.Chess", "Meta.Voice.Samples.Chess.csproj", "{026F9BAD-BC00-CA9D-3914-FC33D7D7930B}"
EndProject
Project("{FAE04EC0-301F-11D3-BF4B-00C04F79EFBC}") = "Oculus.VR.Scripts.Editor", "Oculus.VR.Scripts.Editor.csproj", "{9ACB6D26-E3EE-0E43-4ED7-7E4EAF68F35B}"
EndProject
Project("{FAE04EC0-301F-11D3-BF4B-00C04F79EFBC}") = "Meta.Voice.Samples.LightTraits", "Meta.Voice.Samples.LightTraits.csproj", "{0B71731E-830F-67DC-2DBB-06417C391761}"
EndProject
Project("{FAE04EC0-301F-11D3-BF4B-00C04F79EFBC}") = "Meta.Voice.Samples.Dictation", "Meta.Voice.Samples.Dictation.csproj", "{786CD4EA-E5A6-7B3F-C447-EBB2F0257893}"
EndProject
Project("{FAE04EC0-301F-11D3-BF4B-00C04F79EFBC}") = "Meta.Voice.Samples.Shapes", "Meta.Voice.Samples.Shapes.csproj", "{3E65DC2C-8A88-DC4C-2DC3-4C9DFD3ED3DD}"
EndProject
Project("{FAE04EC0-301F-11D3-BF4B-00C04F79EFBC}") = "Oculus.Interaction.Samples.Editor", "Oculus.Interaction.Samples.Editor.csproj", "{542AC87F-87DB-F0D9-DD61-0777A3C32E21}"
EndProject
Project("{FAE04EC0-301F-11D3-BF4B-00C04F79EFBC}") = "Meta.WitAi.TTS.Editor", "Meta.WitAi.TTS.Editor.csproj", "{070CDB61-484F-7D8A-E412-E09F3DDB6DBE}"
EndProject
Project("{FAE04EC0-301F-11D3-BF4B-00C04F79EFBC}") = "Meta.XR.BuildingBlocks", "Meta.XR.BuildingBlocks.csproj", "{E296FA6B-8454-0307-CB86-F45784A60FE6}"
EndProject
Project("{FAE04EC0-301F-11D3-BF4B-00C04F79EFBC}") = "Oculus.Spatializer", "Oculus.Spatializer.csproj", "{25CDFF24-82D8-92EC-6CC0-A6DAD6517F19}"
EndProject
Project("{FAE04EC0-301F-11D3-BF4B-00C04F79EFBC}") = "Oculus.LipSync.Editor", "Oculus.LipSync.Editor.csproj", "{53245C22-AC88-D3FB-3EA9-A9C41EF37DAC}"
EndProject
Project("{FAE04EC0-301F-11D3-BF4B-00C04F79EFBC}") = "Oculus.AudioManager.Utils.Editor", "Oculus.AudioManager.Utils.Editor.csproj", "{4DB9837D-B973-6D52-BECF-BB63723C0C81}"
EndProject
Project("{FAE04EC0-301F-11D3-BF4B-00C04F79EFBC}") = "Meta.VoiceSDK.Mic.Common", "Meta.VoiceSDK.Mic.Common.csproj", "{9513B509-04AC-F6B0-43D3-86D890E6FA90}"
EndProject
Project("{FAE04EC0-301F-11D3-BF4B-00C04F79EFBC}") = "VoiceSDK.Dictation.Editor", "VoiceSDK.Dictation.Editor.csproj", "{78579DCB-D591-6826-8D59-6B61D4922096}"
EndProject
Project("{FAE04EC0-301F-11D3-BF4B-00C04F79EFBC}") = "Meta.VoiceSDK.Mic.Other", "Meta.VoiceSDK.Mic.Other.csproj", "{769E2077-BA0B-37F0-A9BA-99D1A8976F8F}"
EndProject
Project("{FAE04EC0-301F-11D3-BF4B-00C04F79EFBC}") = "AssistantCoreSDKEditor", "AssistantCoreSDKEditor.csproj", "{41B9D0E4-3A38-81C4-C7A0-D0DEB12C81B9}"
EndProject
Project("{FAE04EC0-301F-11D3-BF4B-00C04F79EFBC}") = "Oculus.Interaction.InterfaceSupport", "Oculus.Interaction.InterfaceSupport.csproj", "{B281BD7E-1498-3A60-AB46-A207723DC474}"
EndProject
Project("{FAE04EC0-301F-11D3-BF4B-00C04F79EFBC}") = "Meta.Voice.Samples.LiveUnderstanding", "Meta.Voice.Samples.LiveUnderstanding.csproj", "{3357D45D-FB98-4AD9-C485-5E9A2828F1F8}"
EndProject
Project("{FAE04EC0-301F-11D3-BF4B-00C04F79EFBC}") = "Facebook.Wit.Dictation.Editor", "Facebook.Wit.Dictation.Editor.csproj", "{24218208-6179-84D1-1767-41CADB3B59FF}"
EndProject
Project("{FAE04EC0-301F-11D3-BF4B-00C04F79EFBC}") = "Meta.VoiceSDK.Mic.WebGL", "Meta.VoiceSDK.Mic.WebGL.csproj", "{4C435732-064C-D5AF-3069-F3A90A19EA24}"
EndProject
Global
	GlobalSection(SolutionConfigurationPlatforms) = preSolution
		Debug|Any CPU = Debug|Any CPU
		Release|Any CPU = Release|Any CPU
	EndGlobalSection
	GlobalSection(ProjectConfigurationPlatforms) = postSolution
		{20A98AE4-A7B9-9F30-0ED6-5971EA993B02}.Debug|Any CPU.ActiveCfg = Debug|Any CPU
		{20A98AE4-A7B9-9F30-0ED6-5971EA993B02}.Debug|Any CPU.Build.0 = Debug|Any CPU
		{20A98AE4-A7B9-9F30-0ED6-5971EA993B02}.Release|Any CPU.ActiveCfg = Release|Any CPU
		{20A98AE4-A7B9-9F30-0ED6-5971EA993B02}.Release|Any CPU.Build.0 = Release|Any CPU
		{8C277476-0960-61CE-B304-F47DFB317BA3}.Debug|Any CPU.ActiveCfg = Debug|Any CPU
		{8C277476-0960-61CE-B304-F47DFB317BA3}.Debug|Any CPU.Build.0 = Debug|Any CPU
		{8C277476-0960-61CE-B304-F47DFB317BA3}.Release|Any CPU.ActiveCfg = Release|Any CPU
		{8C277476-0960-61CE-B304-F47DFB317BA3}.Release|Any CPU.Build.0 = Release|Any CPU
		{387426D2-AE44-89D5-5FAC-47B5E4426BF0}.Debug|Any CPU.ActiveCfg = Debug|Any CPU
		{387426D2-AE44-89D5-5FAC-47B5E4426BF0}.Debug|Any CPU.Build.0 = Debug|Any CPU
		{387426D2-AE44-89D5-5FAC-47B5E4426BF0}.Release|Any CPU.ActiveCfg = Release|Any CPU
		{387426D2-AE44-89D5-5FAC-47B5E4426BF0}.Release|Any CPU.Build.0 = Release|Any CPU
		{7AC888E4-DDE9-595B-E87A-C67A650A999D}.Debug|Any CPU.ActiveCfg = Debug|Any CPU
		{7AC888E4-DDE9-595B-E87A-C67A650A999D}.Debug|Any CPU.Build.0 = Debug|Any CPU
		{7AC888E4-DDE9-595B-E87A-C67A650A999D}.Release|Any CPU.ActiveCfg = Release|Any CPU
		{7AC888E4-DDE9-595B-E87A-C67A650A999D}.Release|Any CPU.Build.0 = Release|Any CPU
		{237FEB2D-47F9-73D9-343C-7BA59E28E216}.Debug|Any CPU.ActiveCfg = Debug|Any CPU
		{237FEB2D-47F9-73D9-343C-7BA59E28E216}.Debug|Any CPU.Build.0 = Debug|Any CPU
		{237FEB2D-47F9-73D9-343C-7BA59E28E216}.Release|Any CPU.ActiveCfg = Release|Any CPU
		{237FEB2D-47F9-73D9-343C-7BA59E28E216}.Release|Any CPU.Build.0 = Release|Any CPU
		{0572B01E-240D-01A1-72C8-8E11342FD437}.Debug|Any CPU.ActiveCfg = Debug|Any CPU
		{0572B01E-240D-01A1-72C8-8E11342FD437}.Debug|Any CPU.Build.0 = Debug|Any CPU
		{0572B01E-240D-01A1-72C8-8E11342FD437}.Release|Any CPU.ActiveCfg = Release|Any CPU
		{0572B01E-240D-01A1-72C8-8E11342FD437}.Release|Any CPU.Build.0 = Release|Any CPU
		{AD04B33D-BF57-0214-F74E-A020A9216508}.Debug|Any CPU.ActiveCfg = Debug|Any CPU
		{AD04B33D-BF57-0214-F74E-A020A9216508}.Debug|Any CPU.Build.0 = Debug|Any CPU
		{AD04B33D-BF57-0214-F74E-A020A9216508}.Release|Any CPU.ActiveCfg = Release|Any CPU
		{AD04B33D-BF57-0214-F74E-A020A9216508}.Release|Any CPU.Build.0 = Release|Any CPU
		{522C47AC-8530-F00F-8A2F-279708C5B9CE}.Debug|Any CPU.ActiveCfg = Debug|Any CPU
		{522C47AC-8530-F00F-8A2F-279708C5B9CE}.Debug|Any CPU.Build.0 = Debug|Any CPU
		{522C47AC-8530-F00F-8A2F-279708C5B9CE}.Release|Any CPU.ActiveCfg = Release|Any CPU
		{522C47AC-8530-F00F-8A2F-279708C5B9CE}.Release|Any CPU.Build.0 = Release|Any CPU
		{35E0B305-5EDB-F235-0EB4-E532CDF7B111}.Debug|Any CPU.ActiveCfg = Debug|Any CPU
		{35E0B305-5EDB-F235-0EB4-E532CDF7B111}.Debug|Any CPU.Build.0 = Debug|Any CPU
		{35E0B305-5EDB-F235-0EB4-E532CDF7B111}.Release|Any CPU.ActiveCfg = Release|Any CPU
		{35E0B305-5EDB-F235-0EB4-E532CDF7B111}.Release|Any CPU.Build.0 = Release|Any CPU
		{A03D03FA-5024-146B-73D3-35C41F725A5F}.Debug|Any CPU.ActiveCfg = Debug|Any CPU
		{A03D03FA-5024-146B-73D3-35C41F725A5F}.Debug|Any CPU.Build.0 = Debug|Any CPU
		{A03D03FA-5024-146B-73D3-35C41F725A5F}.Release|Any CPU.ActiveCfg = Release|Any CPU
		{A03D03FA-5024-146B-73D3-35C41F725A5F}.Release|Any CPU.Build.0 = Release|Any CPU
		{BD137A87-A9D8-1CDB-086E-54759D2BEBEF}.Debug|Any CPU.ActiveCfg = Debug|Any CPU
		{BD137A87-A9D8-1CDB-086E-54759D2BEBEF}.Debug|Any CPU.Build.0 = Debug|Any CPU
		{BD137A87-A9D8-1CDB-086E-54759D2BEBEF}.Release|Any CPU.ActiveCfg = Release|Any CPU
		{BD137A87-A9D8-1CDB-086E-54759D2BEBEF}.Release|Any CPU.Build.0 = Release|Any CPU
		{E5D00DBD-8C5F-B3C8-8931-702FC5D42141}.Debug|Any CPU.ActiveCfg = Debug|Any CPU
		{E5D00DBD-8C5F-B3C8-8931-702FC5D42141}.Debug|Any CPU.Build.0 = Debug|Any CPU
		{E5D00DBD-8C5F-B3C8-8931-702FC5D42141}.Release|Any CPU.ActiveCfg = Release|Any CPU
		{E5D00DBD-8C5F-B3C8-8931-702FC5D42141}.Release|Any CPU.Build.0 = Release|Any CPU
		{6A51B575-9297-E21F-A173-121AD1B2E3BD}.Debug|Any CPU.ActiveCfg = Debug|Any CPU
		{6A51B575-9297-E21F-A173-121AD1B2E3BD}.Debug|Any CPU.Build.0 = Debug|Any CPU
		{6A51B575-9297-E21F-A173-121AD1B2E3BD}.Release|Any CPU.ActiveCfg = Release|Any CPU
		{6A51B575-9297-E21F-A173-121AD1B2E3BD}.Release|Any CPU.Build.0 = Release|Any CPU
		{732B1C11-1272-8902-46FB-09899E9C33DE}.Debug|Any CPU.ActiveCfg = Debug|Any CPU
		{732B1C11-1272-8902-46FB-09899E9C33DE}.Debug|Any CPU.Build.0 = Debug|Any CPU
		{732B1C11-1272-8902-46FB-09899E9C33DE}.Release|Any CPU.ActiveCfg = Release|Any CPU
		{732B1C11-1272-8902-46FB-09899E9C33DE}.Release|Any CPU.Build.0 = Release|Any CPU
		{8510DC20-7C30-758F-0EF1-5866E5EE3407}.Debug|Any CPU.ActiveCfg = Debug|Any CPU
		{8510DC20-7C30-758F-0EF1-5866E5EE3407}.Debug|Any CPU.Build.0 = Debug|Any CPU
		{8510DC20-7C30-758F-0EF1-5866E5EE3407}.Release|Any CPU.ActiveCfg = Release|Any CPU
		{8510DC20-7C30-758F-0EF1-5866E5EE3407}.Release|Any CPU.Build.0 = Release|Any CPU
		{64DF8D5C-D129-503D-4C3B-560DB6EFE6DF}.Debug|Any CPU.ActiveCfg = Debug|Any CPU
		{64DF8D5C-D129-503D-4C3B-560DB6EFE6DF}.Debug|Any CPU.Build.0 = Debug|Any CPU
		{64DF8D5C-D129-503D-4C3B-560DB6EFE6DF}.Release|Any CPU.ActiveCfg = Release|Any CPU
		{64DF8D5C-D129-503D-4C3B-560DB6EFE6DF}.Release|Any CPU.Build.0 = Release|Any CPU
		{4EE0FE8F-B981-BB9A-D8A6-8AC608ED3EBE}.Debug|Any CPU.ActiveCfg = Debug|Any CPU
		{4EE0FE8F-B981-BB9A-D8A6-8AC608ED3EBE}.Debug|Any CPU.Build.0 = Debug|Any CPU
		{4EE0FE8F-B981-BB9A-D8A6-8AC608ED3EBE}.Release|Any CPU.ActiveCfg = Release|Any CPU
		{4EE0FE8F-B981-BB9A-D8A6-8AC608ED3EBE}.Release|Any CPU.Build.0 = Release|Any CPU
		{FB006EB3-9576-3081-7D3C-236A60811AAE}.Debug|Any CPU.ActiveCfg = Debug|Any CPU
		{FB006EB3-9576-3081-7D3C-236A60811AAE}.Debug|Any CPU.Build.0 = Debug|Any CPU
		{FB006EB3-9576-3081-7D3C-236A60811AAE}.Release|Any CPU.ActiveCfg = Release|Any CPU
		{FB006EB3-9576-3081-7D3C-236A60811AAE}.Release|Any CPU.Build.0 = Release|Any CPU
		{48317B41-19B0-7C8F-942E-BD196CEE6783}.Debug|Any CPU.ActiveCfg = Debug|Any CPU
		{48317B41-19B0-7C8F-942E-BD196CEE6783}.Debug|Any CPU.Build.0 = Debug|Any CPU
		{48317B41-19B0-7C8F-942E-BD196CEE6783}.Release|Any CPU.ActiveCfg = Release|Any CPU
		{48317B41-19B0-7C8F-942E-BD196CEE6783}.Release|Any CPU.Build.0 = Release|Any CPU
		{F87B2D56-B537-270B-769B-CDD1B65753C0}.Debug|Any CPU.ActiveCfg = Debug|Any CPU
		{F87B2D56-B537-270B-769B-CDD1B65753C0}.Debug|Any CPU.Build.0 = Debug|Any CPU
		{F87B2D56-B537-270B-769B-CDD1B65753C0}.Release|Any CPU.ActiveCfg = Release|Any CPU
		{F87B2D56-B537-270B-769B-CDD1B65753C0}.Release|Any CPU.Build.0 = Release|Any CPU
		{5186EBDA-F20D-E828-7753-A38F05E7F3A2}.Debug|Any CPU.ActiveCfg = Debug|Any CPU
		{5186EBDA-F20D-E828-7753-A38F05E7F3A2}.Debug|Any CPU.Build.0 = Debug|Any CPU
		{5186EBDA-F20D-E828-7753-A38F05E7F3A2}.Release|Any CPU.ActiveCfg = Release|Any CPU
		{5186EBDA-F20D-E828-7753-A38F05E7F3A2}.Release|Any CPU.Build.0 = Release|Any CPU
		{D689C1F1-3B3D-82C6-D325-9ECD0B3FAFC8}.Debug|Any CPU.ActiveCfg = Debug|Any CPU
		{D689C1F1-3B3D-82C6-D325-9ECD0B3FAFC8}.Debug|Any CPU.Build.0 = Debug|Any CPU
		{D689C1F1-3B3D-82C6-D325-9ECD0B3FAFC8}.Release|Any CPU.ActiveCfg = Release|Any CPU
		{D689C1F1-3B3D-82C6-D325-9ECD0B3FAFC8}.Release|Any CPU.Build.0 = Release|Any CPU
		{CB4BA565-C1BD-C50D-0BD1-62EBA9521FA7}.Debug|Any CPU.ActiveCfg = Debug|Any CPU
		{CB4BA565-C1BD-C50D-0BD1-62EBA9521FA7}.Debug|Any CPU.Build.0 = Debug|Any CPU
		{CB4BA565-C1BD-C50D-0BD1-62EBA9521FA7}.Release|Any CPU.ActiveCfg = Release|Any CPU
		{CB4BA565-C1BD-C50D-0BD1-62EBA9521FA7}.Release|Any CPU.Build.0 = Release|Any CPU
		{4F97ECB9-ED46-9103-0C17-DCA91E0773B7}.Debug|Any CPU.ActiveCfg = Debug|Any CPU
		{4F97ECB9-ED46-9103-0C17-DCA91E0773B7}.Debug|Any CPU.Build.0 = Debug|Any CPU
		{4F97ECB9-ED46-9103-0C17-DCA91E0773B7}.Release|Any CPU.ActiveCfg = Release|Any CPU
		{4F97ECB9-ED46-9103-0C17-DCA91E0773B7}.Release|Any CPU.Build.0 = Release|Any CPU
		{C49BD2B1-FDC2-8495-2071-9E319A9071A4}.Debug|Any CPU.ActiveCfg = Debug|Any CPU
		{C49BD2B1-FDC2-8495-2071-9E319A9071A4}.Debug|Any CPU.Build.0 = Debug|Any CPU
		{C49BD2B1-FDC2-8495-2071-9E319A9071A4}.Release|Any CPU.ActiveCfg = Release|Any CPU
		{C49BD2B1-FDC2-8495-2071-9E319A9071A4}.Release|Any CPU.Build.0 = Release|Any CPU
		{C803882E-2D6D-A5C1-77CD-DD62A7A0A792}.Debug|Any CPU.ActiveCfg = Debug|Any CPU
		{C803882E-2D6D-A5C1-77CD-DD62A7A0A792}.Debug|Any CPU.Build.0 = Debug|Any CPU
		{C803882E-2D6D-A5C1-77CD-DD62A7A0A792}.Release|Any CPU.ActiveCfg = Release|Any CPU
		{C803882E-2D6D-A5C1-77CD-DD62A7A0A792}.Release|Any CPU.Build.0 = Release|Any CPU
		{1E0A40B3-2C18-376C-D09C-8850BFD57C26}.Debug|Any CPU.ActiveCfg = Debug|Any CPU
		{1E0A40B3-2C18-376C-D09C-8850BFD57C26}.Debug|Any CPU.Build.0 = Debug|Any CPU
		{1E0A40B3-2C18-376C-D09C-8850BFD57C26}.Release|Any CPU.ActiveCfg = Release|Any CPU
		{1E0A40B3-2C18-376C-D09C-8850BFD57C26}.Release|Any CPU.Build.0 = Release|Any CPU
		{A86D4107-E1E6-0D39-3D13-8FC7BCA855E8}.Debug|Any CPU.ActiveCfg = Debug|Any CPU
		{A86D4107-E1E6-0D39-3D13-8FC7BCA855E8}.Debug|Any CPU.Build.0 = Debug|Any CPU
		{A86D4107-E1E6-0D39-3D13-8FC7BCA855E8}.Release|Any CPU.ActiveCfg = Release|Any CPU
		{A86D4107-E1E6-0D39-3D13-8FC7BCA855E8}.Release|Any CPU.Build.0 = Release|Any CPU
		{0E39654F-4B72-56BF-9BB2-FD2256474394}.Debug|Any CPU.ActiveCfg = Debug|Any CPU
		{0E39654F-4B72-56BF-9BB2-FD2256474394}.Debug|Any CPU.Build.0 = Debug|Any CPU
		{0E39654F-4B72-56BF-9BB2-FD2256474394}.Release|Any CPU.ActiveCfg = Release|Any CPU
		{0E39654F-4B72-56BF-9BB2-FD2256474394}.Release|Any CPU.Build.0 = Release|Any CPU
		{3A17E62F-C041-4AF1-3E31-F85610DE5362}.Debug|Any CPU.ActiveCfg = Debug|Any CPU
		{3A17E62F-C041-4AF1-3E31-F85610DE5362}.Debug|Any CPU.Build.0 = Debug|Any CPU
		{3A17E62F-C041-4AF1-3E31-F85610DE5362}.Release|Any CPU.ActiveCfg = Release|Any CPU
		{3A17E62F-C041-4AF1-3E31-F85610DE5362}.Release|Any CPU.Build.0 = Release|Any CPU
		{2A2A7031-40B8-1D56-11DC-5A56905E59EB}.Debug|Any CPU.ActiveCfg = Debug|Any CPU
		{2A2A7031-40B8-1D56-11DC-5A56905E59EB}.Debug|Any CPU.Build.0 = Debug|Any CPU
		{2A2A7031-40B8-1D56-11DC-5A56905E59EB}.Release|Any CPU.ActiveCfg = Release|Any CPU
		{2A2A7031-40B8-1D56-11DC-5A56905E59EB}.Release|Any CPU.Build.0 = Release|Any CPU
		{2FF5D21C-2B93-D2DB-5463-F6F7CE672AFA}.Debug|Any CPU.ActiveCfg = Debug|Any CPU
		{2FF5D21C-2B93-D2DB-5463-F6F7CE672AFA}.Debug|Any CPU.Build.0 = Debug|Any CPU
		{2FF5D21C-2B93-D2DB-5463-F6F7CE672AFA}.Release|Any CPU.ActiveCfg = Release|Any CPU
		{2FF5D21C-2B93-D2DB-5463-F6F7CE672AFA}.Release|Any CPU.Build.0 = Release|Any CPU
		{278DE956-AAE9-3449-45A4-D49FEA6A2ABD}.Debug|Any CPU.ActiveCfg = Debug|Any CPU
		{278DE956-AAE9-3449-45A4-D49FEA6A2ABD}.Debug|Any CPU.Build.0 = Debug|Any CPU
		{278DE956-AAE9-3449-45A4-D49FEA6A2ABD}.Release|Any CPU.ActiveCfg = Release|Any CPU
		{278DE956-AAE9-3449-45A4-D49FEA6A2ABD}.Release|Any CPU.Build.0 = Release|Any CPU
		{F0FBF65D-346A-4B66-9D23-96ED40EA72CE}.Debug|Any CPU.ActiveCfg = Debug|Any CPU
		{F0FBF65D-346A-4B66-9D23-96ED40EA72CE}.Debug|Any CPU.Build.0 = Debug|Any CPU
		{F0FBF65D-346A-4B66-9D23-96ED40EA72CE}.Release|Any CPU.ActiveCfg = Release|Any CPU
		{F0FBF65D-346A-4B66-9D23-96ED40EA72CE}.Release|Any CPU.Build.0 = Release|Any CPU
		{22D1708B-C481-E235-0A45-B8AC676FA9FE}.Debug|Any CPU.ActiveCfg = Debug|Any CPU
		{22D1708B-C481-E235-0A45-B8AC676FA9FE}.Debug|Any CPU.Build.0 = Debug|Any CPU
		{22D1708B-C481-E235-0A45-B8AC676FA9FE}.Release|Any CPU.ActiveCfg = Release|Any CPU
		{22D1708B-C481-E235-0A45-B8AC676FA9FE}.Release|Any CPU.Build.0 = Release|Any CPU
		{026F9BAD-BC00-CA9D-3914-FC33D7D7930B}.Debug|Any CPU.ActiveCfg = Debug|Any CPU
		{026F9BAD-BC00-CA9D-3914-FC33D7D7930B}.Debug|Any CPU.Build.0 = Debug|Any CPU
		{026F9BAD-BC00-CA9D-3914-FC33D7D7930B}.Release|Any CPU.ActiveCfg = Release|Any CPU
		{026F9BAD-BC00-CA9D-3914-FC33D7D7930B}.Release|Any CPU.Build.0 = Release|Any CPU
		{9ACB6D26-E3EE-0E43-4ED7-7E4EAF68F35B}.Debug|Any CPU.ActiveCfg = Debug|Any CPU
		{9ACB6D26-E3EE-0E43-4ED7-7E4EAF68F35B}.Debug|Any CPU.Build.0 = Debug|Any CPU
		{9ACB6D26-E3EE-0E43-4ED7-7E4EAF68F35B}.Release|Any CPU.ActiveCfg = Release|Any CPU
		{9ACB6D26-E3EE-0E43-4ED7-7E4EAF68F35B}.Release|Any CPU.Build.0 = Release|Any CPU
		{0B71731E-830F-67DC-2DBB-06417C391761}.Debug|Any CPU.ActiveCfg = Debug|Any CPU
		{0B71731E-830F-67DC-2DBB-06417C391761}.Debug|Any CPU.Build.0 = Debug|Any CPU
		{0B71731E-830F-67DC-2DBB-06417C391761}.Release|Any CPU.ActiveCfg = Release|Any CPU
		{0B71731E-830F-67DC-2DBB-06417C391761}.Release|Any CPU.Build.0 = Release|Any CPU
		{786CD4EA-E5A6-7B3F-C447-EBB2F0257893}.Debug|Any CPU.ActiveCfg = Debug|Any CPU
		{786CD4EA-E5A6-7B3F-C447-EBB2F0257893}.Debug|Any CPU.Build.0 = Debug|Any CPU
		{786CD4EA-E5A6-7B3F-C447-EBB2F0257893}.Release|Any CPU.ActiveCfg = Release|Any CPU
		{786CD4EA-E5A6-7B3F-C447-EBB2F0257893}.Release|Any CPU.Build.0 = Release|Any CPU
		{3E65DC2C-8A88-DC4C-2DC3-4C9DFD3ED3DD}.Debug|Any CPU.ActiveCfg = Debug|Any CPU
		{3E65DC2C-8A88-DC4C-2DC3-4C9DFD3ED3DD}.Debug|Any CPU.Build.0 = Debug|Any CPU
		{3E65DC2C-8A88-DC4C-2DC3-4C9DFD3ED3DD}.Release|Any CPU.ActiveCfg = Release|Any CPU
		{3E65DC2C-8A88-DC4C-2DC3-4C9DFD3ED3DD}.Release|Any CPU.Build.0 = Release|Any CPU
		{542AC87F-87DB-F0D9-DD61-0777A3C32E21}.Debug|Any CPU.ActiveCfg = Debug|Any CPU
		{542AC87F-87DB-F0D9-DD61-0777A3C32E21}.Debug|Any CPU.Build.0 = Debug|Any CPU
		{542AC87F-87DB-F0D9-DD61-0777A3C32E21}.Release|Any CPU.ActiveCfg = Release|Any CPU
		{542AC87F-87DB-F0D9-DD61-0777A3C32E21}.Release|Any CPU.Build.0 = Release|Any CPU
		{070CDB61-484F-7D8A-E412-E09F3DDB6DBE}.Debug|Any CPU.ActiveCfg = Debug|Any CPU
		{070CDB61-484F-7D8A-E412-E09F3DDB6DBE}.Debug|Any CPU.Build.0 = Debug|Any CPU
		{070CDB61-484F-7D8A-E412-E09F3DDB6DBE}.Release|Any CPU.ActiveCfg = Release|Any CPU
		{070CDB61-484F-7D8A-E412-E09F3DDB6DBE}.Release|Any CPU.Build.0 = Release|Any CPU
		{E296FA6B-8454-0307-CB86-F45784A60FE6}.Debug|Any CPU.ActiveCfg = Debug|Any CPU
		{E296FA6B-8454-0307-CB86-F45784A60FE6}.Debug|Any CPU.Build.0 = Debug|Any CPU
		{E296FA6B-8454-0307-CB86-F45784A60FE6}.Release|Any CPU.ActiveCfg = Release|Any CPU
		{E296FA6B-8454-0307-CB86-F45784A60FE6}.Release|Any CPU.Build.0 = Release|Any CPU
		{25CDFF24-82D8-92EC-6CC0-A6DAD6517F19}.Debug|Any CPU.ActiveCfg = Debug|Any CPU
		{25CDFF24-82D8-92EC-6CC0-A6DAD6517F19}.Debug|Any CPU.Build.0 = Debug|Any CPU
		{25CDFF24-82D8-92EC-6CC0-A6DAD6517F19}.Release|Any CPU.ActiveCfg = Release|Any CPU
		{25CDFF24-82D8-92EC-6CC0-A6DAD6517F19}.Release|Any CPU.Build.0 = Release|Any CPU
		{53245C22-AC88-D3FB-3EA9-A9C41EF37DAC}.Debug|Any CPU.ActiveCfg = Debug|Any CPU
		{53245C22-AC88-D3FB-3EA9-A9C41EF37DAC}.Debug|Any CPU.Build.0 = Debug|Any CPU
		{53245C22-AC88-D3FB-3EA9-A9C41EF37DAC}.Release|Any CPU.ActiveCfg = Release|Any CPU
		{53245C22-AC88-D3FB-3EA9-A9C41EF37DAC}.Release|Any CPU.Build.0 = Release|Any CPU
		{4DB9837D-B973-6D52-BECF-BB63723C0C81}.Debug|Any CPU.ActiveCfg = Debug|Any CPU
		{4DB9837D-B973-6D52-BECF-BB63723C0C81}.Debug|Any CPU.Build.0 = Debug|Any CPU
		{4DB9837D-B973-6D52-BECF-BB63723C0C81}.Release|Any CPU.ActiveCfg = Release|Any CPU
		{4DB9837D-B973-6D52-BECF-BB63723C0C81}.Release|Any CPU.Build.0 = Release|Any CPU
		{9513B509-04AC-F6B0-43D3-86D890E6FA90}.Debug|Any CPU.ActiveCfg = Debug|Any CPU
		{9513B509-04AC-F6B0-43D3-86D890E6FA90}.Debug|Any CPU.Build.0 = Debug|Any CPU
		{9513B509-04AC-F6B0-43D3-86D890E6FA90}.Release|Any CPU.ActiveCfg = Release|Any CPU
		{9513B509-04AC-F6B0-43D3-86D890E6FA90}.Release|Any CPU.Build.0 = Release|Any CPU
		{78579DCB-D591-6826-8D59-6B61D4922096}.Debug|Any CPU.ActiveCfg = Debug|Any CPU
		{78579DCB-D591-6826-8D59-6B61D4922096}.Debug|Any CPU.Build.0 = Debug|Any CPU
		{78579DCB-D591-6826-8D59-6B61D4922096}.Release|Any CPU.ActiveCfg = Release|Any CPU
		{78579DCB-D591-6826-8D59-6B61D4922096}.Release|Any CPU.Build.0 = Release|Any CPU
		{769E2077-BA0B-37F0-A9BA-99D1A8976F8F}.Debug|Any CPU.ActiveCfg = Debug|Any CPU
		{769E2077-BA0B-37F0-A9BA-99D1A8976F8F}.Debug|Any CPU.Build.0 = Debug|Any CPU
		{769E2077-BA0B-37F0-A9BA-99D1A8976F8F}.Release|Any CPU.ActiveCfg = Release|Any CPU
		{769E2077-BA0B-37F0-A9BA-99D1A8976F8F}.Release|Any CPU.Build.0 = Release|Any CPU
		{41B9D0E4-3A38-81C4-C7A0-D0DEB12C81B9}.Debug|Any CPU.ActiveCfg = Debug|Any CPU
		{41B9D0E4-3A38-81C4-C7A0-D0DEB12C81B9}.Debug|Any CPU.Build.0 = Debug|Any CPU
		{41B9D0E4-3A38-81C4-C7A0-D0DEB12C81B9}.Release|Any CPU.ActiveCfg = Release|Any CPU
		{41B9D0E4-3A38-81C4-C7A0-D0DEB12C81B9}.Release|Any CPU.Build.0 = Release|Any CPU
		{B281BD7E-1498-3A60-AB46-A207723DC474}.Debug|Any CPU.ActiveCfg = Debug|Any CPU
		{B281BD7E-1498-3A60-AB46-A207723DC474}.Debug|Any CPU.Build.0 = Debug|Any CPU
		{B281BD7E-1498-3A60-AB46-A207723DC474}.Release|Any CPU.ActiveCfg = Release|Any CPU
		{B281BD7E-1498-3A60-AB46-A207723DC474}.Release|Any CPU.Build.0 = Release|Any CPU
		{3357D45D-FB98-4AD9-C485-5E9A2828F1F8}.Debug|Any CPU.ActiveCfg = Debug|Any CPU
		{3357D45D-FB98-4AD9-C485-5E9A2828F1F8}.Debug|Any CPU.Build.0 = Debug|Any CPU
		{3357D45D-FB98-4AD9-C485-5E9A2828F1F8}.Release|Any CPU.ActiveCfg = Release|Any CPU
		{3357D45D-FB98-4AD9-C485-5E9A2828F1F8}.Release|Any CPU.Build.0 = Release|Any CPU
		{24218208-6179-84D1-1767-41CADB3B59FF}.Debug|Any CPU.ActiveCfg = Debug|Any CPU
		{24218208-6179-84D1-1767-41CADB3B59FF}.Debug|Any CPU.Build.0 = Debug|Any CPU
		{24218208-6179-84D1-1767-41CADB3B59FF}.Release|Any CPU.ActiveCfg = Release|Any CPU
		{24218208-6179-84D1-1767-41CADB3B59FF}.Release|Any CPU.Build.0 = Release|Any CPU
		{4C435732-064C-D5AF-3069-F3A90A19EA24}.Debug|Any CPU.ActiveCfg = Debug|Any CPU
		{4C435732-064C-D5AF-3069-F3A90A19EA24}.Debug|Any CPU.Build.0 = Debug|Any CPU
		{4C435732-064C-D5AF-3069-F3A90A19EA24}.Release|Any CPU.ActiveCfg = Release|Any CPU
		{4C435732-064C-D5AF-3069-F3A90A19EA24}.Release|Any CPU.Build.0 = Release|Any CPU
	EndGlobalSection
	GlobalSection(SolutionProperties) = preSolution
		HideSolutionNode = FALSE
	EndGlobalSection
EndGlobal
